
Microsoft Visual Studio Solution File, Format Version 12.00
# Visual Studio 15
VisualStudioVersion = 15.0.28307.539
MinimumVisualStudioVersion = 10.0.40219.1
Project("{FAE04EC0-301F-11D3-BF4B-00C04F79EFBC}") = "ParallelDemoDesktop", "ParallelDemoDesktop\ParallelDemoDesktop.csproj", "{3D40C90F-BEB6-4435-8A07-CA05CCAEEC52}"
EndProject
Global
	GlobalSection(SolutionConfigurationPlatforms) = preSolution
		Debug|Any CPU = Debug|Any CPU
		Release|Any CPU = Release|Any CPU
	EndGlobalSection
	GlobalSection(ProjectConfigurationPlatforms) = postSolution
		{3D40C90F-BEB6-4435-8A07-CA05CCAEEC52}.Debug|Any CPU.ActiveCfg = Debug|Any CPU
		{3D40C90F-BEB6-4435-8A07-CA05CCAEEC52}.Debug|Any CPU.Build.0 = Debug|Any CPU
		{3D40C90F-BEB6-4435-8A07-CA05CCAEEC52}.Release|Any CPU.ActiveCfg = Release|Any CPU
		{3D40C90F-BEB6-4435-8A07-CA05CCAEEC52}.Release|Any CPU.Build.0 = Release|Any CPU
	EndGlobalSection
	GlobalSection(SolutionProperties) = preSolution
		HideSolutionNode = FALSE
	EndGlobalSection
	GlobalSection(ExtensibilityGlobals) = postSolution
		SolutionGuid = {7EE287A5-1681-4494-88D6-CC16068FC4A9}
	EndGlobalSection
EndGlobal
