
Microsoft Visual Studio Solution File, Format Version 12.00
# Visual Studio 15
VisualStudioVersion = 15.0.28307.539
MinimumVisualStudioVersion = 10.0.40219.1
Project("{FAE04EC0-301F-11D3-BF4B-00C04F79EFBC}") = "AsyncWebAPIDemo", "AsyncWebAPIDemo\AsyncWebAPIDemo.csproj", "{EA4AF0C1-7169-4030-9B49-A6D516AFD3FC}"
EndProject
Global
	GlobalSection(SolutionConfigurationPlatforms) = preSolution
		Debug|Any CPU = Debug|Any CPU
		Release|Any CPU = Release|Any CPU
	EndGlobalSection
	GlobalSection(ProjectConfigurationPlatforms) = postSolution
		{EA4AF0C1-7169-4030-9B49-A6D516AFD3FC}.Debug|Any CPU.ActiveCfg = Debug|Any CPU
		{EA4AF0C1-7169-4030-9B49-A6D516AFD3FC}.Debug|Any CPU.Build.0 = Debug|Any CPU
		{EA4AF0C1-7169-4030-9B49-A6D516AFD3FC}.Release|Any CPU.ActiveCfg = Release|Any CPU
		{EA4AF0C1-7169-4030-9B49-A6D516AFD3FC}.Release|Any CPU.Build.0 = Release|Any CPU
	EndGlobalSection
	GlobalSection(SolutionProperties) = preSolution
		HideSolutionNode = FALSE
	EndGlobalSection
	GlobalSection(ExtensibilityGlobals) = postSolution
		SolutionGuid = {5608948F-1E08-4F1D-9617-C7700CDE1897}
	EndGlobalSection
EndGlobal
